// !$*UTF8*$!
{
	archiveVersion = 1;
	classes = {
	};
	objectVersion = 46;
	objects = {

/* Begin PBXBuildFile section */
		2401654F1D4AF2F9006E31DC /* ZoneManager.swift in Sources */ = {isa = PBXBuildFile; fileRef = 2401654E1D4AF2F9006E31DC /* ZoneManager.swift */; };
		240165511D4AF409006E31DC /* Zone.swift in Sources */ = {isa = PBXBuildFile; fileRef = 240165501D4AF409006E31DC /* Zone.swift */; };
		240165531D4AFA2E006E31DC /* ZoneNormal.swift in Sources */ = {isa = PBXBuildFile; fileRef = 240165521D4AFA2E006E31DC /* ZoneNormal.swift */; };
		240165551D4AFABC006E31DC /* ZoneChallengeMagnet.swift in Sources */ = {isa = PBXBuildFile; fileRef = 240165541D4AFABC006E31DC /* ZoneChallengeMagnet.swift */; };
		2421DC531E35798B00748DA7 /* score-hud.atlas in Resources */ = {isa = PBXBuildFile; fileRef = 2421DC521E35798B00748DA7 /* score-hud.atlas */; };
		2421DC551E358AE900748DA7 /* number-font.atlas in Resources */ = {isa = PBXBuildFile; fileRef = 2421DC541E358AE900748DA7 /* number-font.atlas */; };
		2425B70E1DBD73DD005168A7 /* player.atlas in Resources */ = {isa = PBXBuildFile; fileRef = 2425B70D1DBD73DD005168A7 /* player.atlas */; };
		242850641E75C6D40090B84F /* laser-charge.wav in Resources */ = {isa = PBXBuildFile; fileRef = 242850631E75C6D40090B84F /* laser-charge.wav */; };
		242DA8291DA0C90400272FB5 /* EnergyMatter.swift in Sources */ = {isa = PBXBuildFile; fileRef = 242DA8281DA0C90400272FB5 /* EnergyMatter.swift */; };
		243DF2121D9E31A2002EB049 /* ZoneChallengeVisibility.swift in Sources */ = {isa = PBXBuildFile; fileRef = 243DF2111D9E31A2002EB049 /* ZoneChallengeVisibility.swift */; };
		244583B41E2AB2F200867EC1 /* hazard-warning.atlas in Resources */ = {isa = PBXBuildFile; fileRef = 244583B31E2AB2F200867EC1 /* hazard-warning.atlas */; };
		247607561DDAC83900237A53 /* TiledWallSpriteComponent.swift in Sources */ = {isa = PBXBuildFile; fileRef = 247607551DDAC83900237A53 /* TiledWallSpriteComponent.swift */; };
		247607581DDAD56F00237A53 /* ObstacleWall.swift in Sources */ = {isa = PBXBuildFile; fileRef = 247607571DDAD56F00237A53 /* ObstacleWall.swift */; };
		24775DCA1DA1D8E600ED743C /* ZoneChallengeLongJump.swift in Sources */ = {isa = PBXBuildFile; fileRef = 24775DC91DA1D8E600ED743C /* ZoneChallengeLongJump.swift */; };
		24775DCC1DA1DA5800ED743C /* PlatformBlockEnergyMatter.swift in Sources */ = {isa = PBXBuildFile; fileRef = 24775DCB1DA1DA5800ED743C /* PlatformBlockEnergyMatter.swift */; };
		247DA9131D3316CA004C4A14 /* PlatformBlock.swift in Sources */ = {isa = PBXBuildFile; fileRef = 247DA9121D3316CA004C4A14 /* PlatformBlock.swift */; };
		247DA9151D331F5C004C4A14 /* Platform.swift in Sources */ = {isa = PBXBuildFile; fileRef = 247DA9141D331F5C004C4A14 /* Platform.swift */; };
		248C794D1D3C22B3003F8A0E /* PlatformBlockDoubleDash.swift in Sources */ = {isa = PBXBuildFile; fileRef = 248C794C1D3C22B3003F8A0E /* PlatformBlockDoubleDash.swift */; };
		248C794F1D3C26A7003F8A0E /* PlatformBlockObstacleDoubleDash.swift in Sources */ = {isa = PBXBuildFile; fileRef = 248C794E1D3C26A7003F8A0E /* PlatformBlockObstacleDoubleDash.swift */; };
		248C79511D3C2C2D003F8A0E /* Obstacle.swift in Sources */ = {isa = PBXBuildFile; fileRef = 248C79501D3C2C2D003F8A0E /* Obstacle.swift */; };
		24AD9A441D38A1D7003EB602 /* PlatformBlockSingleDash.swift in Sources */ = {isa = PBXBuildFile; fileRef = 24AD9A431D38A1D7003EB602 /* PlatformBlockSingleDash.swift */; };
		24AD9A461D38B009003EB602 /* PlatformBlockFirst.swift in Sources */ = {isa = PBXBuildFile; fileRef = 24AD9A451D38B009003EB602 /* PlatformBlockFirst.swift */; };
		24B35BC31D7E6F66007AAF2F /* PlatformBlockObstacleWall.swift in Sources */ = {isa = PBXBuildFile; fileRef = 24B35BC21D7E6F66007AAF2F /* PlatformBlockObstacleWall.swift */; };
		24B8E6E91E7F400200315B62 /* bump.wav in Resources */ = {isa = PBXBuildFile; fileRef = 24B8E6E81E7F400200315B62 /* bump.wav */; };
		24C222DA1E2B0182008BF20E /* BackgroundManager.swift in Sources */ = {isa = PBXBuildFile; fileRef = 24C222D91E2B0182008BF20E /* BackgroundManager.swift */; };
		24C458D61D9853D600A9F109 /* GameSceneStateCinematicPause.swift in Sources */ = {isa = PBXBuildFile; fileRef = 24C458D51D9853D600A9F109 /* GameSceneStateCinematicPause.swift */; };
		24C764C91E6403A100331C6C /* beep-low.wav in Resources */ = {isa = PBXBuildFile; fileRef = 24C764C71E6403A100331C6C /* beep-low.wav */; };
		24C764CA1E6403A100331C6C /* beep-high.wav in Resources */ = {isa = PBXBuildFile; fileRef = 24C764C81E6403A100331C6C /* beep-high.wav */; };
		24C764CC1E6406EB00331C6C /* phase-death.wav in Resources */ = {isa = PBXBuildFile; fileRef = 24C764CB1E6406EB00331C6C /* phase-death.wav */; };
		24CB458E1DF4DA0400CBF82B /* laser.atlas in Resources */ = {isa = PBXBuildFile; fileRef = 24CB458B1DF4DA0400CBF82B /* laser.atlas */; };
		24CB458F1DF4DA0400CBF82B /* obstacle.atlas in Resources */ = {isa = PBXBuildFile; fileRef = 24CB458C1DF4DA0400CBF82B /* obstacle.atlas */; };
		24CB45901DF4DA0400CBF82B /* obstaclewall.atlas in Resources */ = {isa = PBXBuildFile; fileRef = 24CB458D1DF4DA0400CBF82B /* obstaclewall.atlas */; };
		24CB45921DF4ED9C00CBF82B /* ObstacleSideWall.swift in Sources */ = {isa = PBXBuildFile; fileRef = 24CB45911DF4ED9C00CBF82B /* ObstacleSideWall.swift */; };
		24CEA55D1D32CCC300C338E9 /* PlatformBlocksManager.swift in Sources */ = {isa = PBXBuildFile; fileRef = 24CEA55C1D32CCC300C338E9 /* PlatformBlocksManager.swift */; };
		24CFA6841E399B4100EB08A5 /* HudManager.swift in Sources */ = {isa = PBXBuildFile; fileRef = 24CFA6831E399B4100EB08A5 /* HudManager.swift */; };
		24CFA6861E399FD400EB08A5 /* ScoreManager.swift in Sources */ = {isa = PBXBuildFile; fileRef = 24CFA6851E399FD400EB08A5 /* ScoreManager.swift */; };
		24D8A6E51E2C1AA00041268E /* background.atlas in Resources */ = {isa = PBXBuildFile; fileRef = 24D8A6E41E2C1AA00041268E /* background.atlas */; };
		24DB0FC31E3EB8380087CDB3 /* CreepDeathManager.swift in Sources */ = {isa = PBXBuildFile; fileRef = 24DB0FC21E3EB8380087CDB3 /* CreepDeathManager.swift */; };
		24DE7A541E55718B0091ACDC /* energy-burst.wav in Resources */ = {isa = PBXBuildFile; fileRef = 24DE7A531E55718B0091ACDC /* energy-burst.wav */; };
		24DF28E41D7FD13E00053D2A /* PlatformBlockMoving.swift in Sources */ = {isa = PBXBuildFile; fileRef = 24DF28E31D7FD13E00053D2A /* PlatformBlockMoving.swift */; };
		24E2F2841E761092002CBBF2 /* creeping-death-drone.wav in Resources */ = {isa = PBXBuildFile; fileRef = 24E2F2831E761092002CBBF2 /* creeping-death-drone.wav */; };
		24E9C23C1DC6AFA700F0DB61 /* energymatter.atlas in Resources */ = {isa = PBXBuildFile; fileRef = 24E9C23B1DC6AFA700F0DB61 /* energymatter.atlas */; };
		24ED958F1E6C8C0100E82AD9 /* shell-move.wav in Resources */ = {isa = PBXBuildFile; fileRef = 24ED958E1E6C8C0100E82AD9 /* shell-move.wav */; };
		24ED95911E6C970D00E82AD9 /* music.mp3 in Resources */ = {isa = PBXBuildFile; fileRef = 24ED95901E6C970D00E82AD9 /* music.mp3 */; };
		24ED95931E6C9A4200E82AD9 /* chirp.wav in Resources */ = {isa = PBXBuildFile; fileRef = 24ED95921E6C9A4200E82AD9 /* chirp.wav */; };
		24ED95951E6C9B6700E82AD9 /* energy-up.wav in Resources */ = {isa = PBXBuildFile; fileRef = 24ED95941E6C9B6700E82AD9 /* energy-up.wav */; };
		24ED95971E6C9BC900E82AD9 /* menu-beeping.wav in Resources */ = {isa = PBXBuildFile; fileRef = 24ED95961E6C9BC900E82AD9 /* menu-beeping.wav */; };
		7F01D5A21D2A163B000A51D8 /* AppDelegate.swift in Sources */ = {isa = PBXBuildFile; fileRef = 7F01D5A11D2A163B000A51D8 /* AppDelegate.swift */; };
		7F01D5AA1D2A163B000A51D8 /* GameViewController.swift in Sources */ = {isa = PBXBuildFile; fileRef = 7F01D5A91D2A163B000A51D8 /* GameViewController.swift */; };
		7F027DB81D8606F900C91CCD /* GameSceneStateSetup.swift in Sources */ = {isa = PBXBuildFile; fileRef = 7F027DB71D8606F900C91CCD /* GameSceneStateSetup.swift */; };
		7F027DBB1D8607DE00C91CCD /* GameSceneStatePlaying.swift in Sources */ = {isa = PBXBuildFile; fileRef = 7F027DBA1D8607DE00C91CCD /* GameSceneStatePlaying.swift */; };
		7F027DBD1D8607EE00C91CCD /* GameSceneStatePause.swift in Sources */ = {isa = PBXBuildFile; fileRef = 7F027DBC1D8607EE00C91CCD /* GameSceneStatePause.swift */; };
		7F027DBF1D8607F900C91CCD /* GameSceneStateGameover.swift in Sources */ = {isa = PBXBuildFile; fileRef = 7F027DBE1D8607F900C91CCD /* GameSceneStateGameover.swift */; };
		7F098E671D8382E2009B1A4A /* MenuScene.swift in Sources */ = {isa = PBXBuildFile; fileRef = 7F098E661D8382E2009B1A4A /* MenuScene.swift */; };
		7F0D445A1D8E237A0065A1C3 /* SKButton.swift in Sources */ = {isa = PBXBuildFile; fileRef = 7F0D44591D8E237A0065A1C3 /* SKButton.swift */; };
		7F0D445C1D8E32970065A1C3 /* GameScene+SKButtonDelegate.swift in Sources */ = {isa = PBXBuildFile; fileRef = 7F0D445B1D8E32970065A1C3 /* GameScene+SKButtonDelegate.swift */; };
		7F23A5B91D2C802F008CDA5C /* MovementComponent.swift in Sources */ = {isa = PBXBuildFile; fileRef = 7F23A5B31D2C802F008CDA5C /* MovementComponent.swift */; };
		7F23A5BA1D2C802F008CDA5C /* DashEndingState.swift in Sources */ = {isa = PBXBuildFile; fileRef = 7F23A5B41D2C802F008CDA5C /* DashEndingState.swift */; };
		7F23A5BB1D2C802F008CDA5C /* DashingState.swift in Sources */ = {isa = PBXBuildFile; fileRef = 7F23A5B51D2C802F008CDA5C /* DashingState.swift */; };
		7F23A5BC1D2C802F008CDA5C /* DeathState.swift in Sources */ = {isa = PBXBuildFile; fileRef = 7F23A5B61D2C802F008CDA5C /* DeathState.swift */; };
		7F23A5BD1D2C802F008CDA5C /* LandedState.swift in Sources */ = {isa = PBXBuildFile; fileRef = 7F23A5B71D2C802F008CDA5C /* LandedState.swift */; };
		7F23A5BE1D2C802F008CDA5C /* SpriteComponent.swift in Sources */ = {isa = PBXBuildFile; fileRef = 7F23A5B81D2C802F008CDA5C /* SpriteComponent.swift */; };
		7F23A5C01D2C803E008CDA5C /* Player.swift in Sources */ = {isa = PBXBuildFile; fileRef = 7F23A5BF1D2C803E008CDA5C /* Player.swift */; };
		7F23A5C31D2C804C008CDA5C /* GameScene.swift in Sources */ = {isa = PBXBuildFile; fileRef = 7F23A5C11D2C804C008CDA5C /* GameScene.swift */; };
		7F23A5C91D2C8064008CDA5C /* Assets.xcassets in Resources */ = {isa = PBXBuildFile; fileRef = 7F23A5C51D2C8064008CDA5C /* Assets.xcassets */; };
		7F23A5CB1D2C8064008CDA5C /* PlayerData.plist in Resources */ = {isa = PBXBuildFile; fileRef = 7F23A5C71D2C8064008CDA5C /* PlayerData.plist */; };
		7F23A5D11D2C8081008CDA5C /* LaunchScreen.storyboard in Resources */ = {isa = PBXBuildFile; fileRef = 7F23A5CD1D2C8081008CDA5C /* LaunchScreen.storyboard */; };
		7F23A5D21D2C8081008CDA5C /* Main.storyboard in Resources */ = {isa = PBXBuildFile; fileRef = 7F23A5CF1D2C8081008CDA5C /* Main.storyboard */; };
		7F24DF4B1D91FF9E00796DB0 /* AudioManager.swift in Sources */ = {isa = PBXBuildFile; fileRef = 7F24DF4A1D91FF9E00796DB0 /* AudioManager.swift */; };
		7F24DF511D92019600796DB0 /* charge.wav in Resources */ = {isa = PBXBuildFile; fileRef = 7F24DF501D92019600796DB0 /* charge.wav */; };
		7F24DF531D92136800796DB0 /* SKToggle.swift in Sources */ = {isa = PBXBuildFile; fileRef = 7F24DF521D92136800796DB0 /* SKToggle.swift */; };
		7F31E7171E9F1BE2006DF132 /* ConfigurationManager.swift in Sources */ = {isa = PBXBuildFile; fileRef = 7F31E7161E9F1BE2006DF132 /* ConfigurationManager.swift */; };
		7F3B464C1E76059100ECFD07 /* SKScoreLabel.swift in Sources */ = {isa = PBXBuildFile; fileRef = 7F3B464B1E76059100ECFD07 /* SKScoreLabel.swift */; };
		7F3C34DF1D2CB8C1008DA5B3 /* TouchControlInputNode.swift in Sources */ = {isa = PBXBuildFile; fileRef = 7F3C34DE1D2CB8C1008DA5B3 /* TouchControlInputNode.swift */; };
		7F3C34E11D2CC413008DA5B3 /* GameplayConfiguration.swift in Sources */ = {isa = PBXBuildFile; fileRef = 7F3C34E01D2CC413008DA5B3 /* GameplayConfiguration.swift */; };
		7F3D324F1D454D5E0063BC07 /* GameScene+Physics.swift in Sources */ = {isa = PBXBuildFile; fileRef = 7F3D324E1D454D5E0063BC07 /* GameScene+Physics.swift */; };
		7F4B330F1D738D600000D467 /* Laser.swift in Sources */ = {isa = PBXBuildFile; fileRef = 7F4B330E1D738D600000D467 /* Laser.swift */; };
		7F4B33111D738F9C0000D467 /* PlatformBlockObstacleLaser.swift in Sources */ = {isa = PBXBuildFile; fileRef = 7F4B33101D738F9C0000D467 /* PlatformBlockObstacleLaser.swift */; };
		7F5A3D2F1D650D42006F7BBE /* SlidingComponent.swift in Sources */ = {isa = PBXBuildFile; fileRef = 7F5A3D2E1D650D42006F7BBE /* SlidingComponent.swift */; };
		7F7841171E7FB13C00D7C977 /* SKSpriteNode+Dot.swift in Sources */ = {isa = PBXBuildFile; fileRef = 7F7841161E7FB13C00D7C977 /* SKSpriteNode+Dot.swift */; };
		7FCAE7B41D8B72D600A02B79 /* SKNode+Unarchiver.swift in Sources */ = {isa = PBXBuildFile; fileRef = 7FCAE7B31D8B72D600A02B79 /* SKNode+Unarchiver.swift */; };
		7FCAE7B61D8BA63E00A02B79 /* Overlay.sks in Resources */ = {isa = PBXBuildFile; fileRef = 7FCAE7B51D8BA63E00A02B79 /* Overlay.sks */; };
		7FE5271E1D3C272300FF9D25 /* PhysicsComponent.swift in Sources */ = {isa = PBXBuildFile; fileRef = 7FE5271D1D3C272300FF9D25 /* PhysicsComponent.swift */; };
/* End PBXBuildFile section */

/* Begin PBXFileReference section */
		2401654E1D4AF2F9006E31DC /* ZoneManager.swift */ = {isa = PBXFileReference; fileEncoding = 4; lastKnownFileType = sourcecode.swift; name = ZoneManager.swift; path = DashingPenguin/Zone/ZoneManager.swift; sourceTree = "<group>"; };
		240165501D4AF409006E31DC /* Zone.swift */ = {isa = PBXFileReference; fileEncoding = 4; lastKnownFileType = sourcecode.swift; name = Zone.swift; path = DashingPenguin/Zone/Zone.swift; sourceTree = "<group>"; };
		240165521D4AFA2E006E31DC /* ZoneNormal.swift */ = {isa = PBXFileReference; fileEncoding = 4; lastKnownFileType = sourcecode.swift; name = ZoneNormal.swift; path = DashingPenguin/Zone/ZoneNormal.swift; sourceTree = "<group>"; };
		240165541D4AFABC006E31DC /* ZoneChallengeMagnet.swift */ = {isa = PBXFileReference; fileEncoding = 4; lastKnownFileType = sourcecode.swift; name = ZoneChallengeMagnet.swift; path = DashingPenguin/Zone/ZoneChallengeMagnet.swift; sourceTree = "<group>"; };
		2421DC521E35798B00748DA7 /* score-hud.atlas */ = {isa = PBXFileReference; lastKnownFileType = folder.skatlas; path = "score-hud.atlas"; sourceTree = "<group>"; };
		2421DC541E358AE900748DA7 /* number-font.atlas */ = {isa = PBXFileReference; lastKnownFileType = folder.skatlas; path = "number-font.atlas"; sourceTree = "<group>"; };
		2425B70D1DBD73DD005168A7 /* player.atlas */ = {isa = PBXFileReference; lastKnownFileType = folder.skatlas; path = player.atlas; sourceTree = "<group>"; };
		242850631E75C6D40090B84F /* laser-charge.wav */ = {isa = PBXFileReference; lastKnownFileType = audio.wav; path = "laser-charge.wav"; sourceTree = "<group>"; };
		242DA8281DA0C90400272FB5 /* EnergyMatter.swift */ = {isa = PBXFileReference; fileEncoding = 4; lastKnownFileType = sourcecode.swift; name = EnergyMatter.swift; path = DashingPenguin/Entities/EnergyMatter.swift; sourceTree = "<group>"; };
		243DF2111D9E31A2002EB049 /* ZoneChallengeVisibility.swift */ = {isa = PBXFileReference; fileEncoding = 4; lastKnownFileType = sourcecode.swift; name = ZoneChallengeVisibility.swift; path = DashingPenguin/Zone/ZoneChallengeVisibility.swift; sourceTree = "<group>"; };
		244583B31E2AB2F200867EC1 /* hazard-warning.atlas */ = {isa = PBXFileReference; lastKnownFileType = folder.skatlas; path = "hazard-warning.atlas"; sourceTree = "<group>"; };
		247607551DDAC83900237A53 /* TiledWallSpriteComponent.swift */ = {isa = PBXFileReference; fileEncoding = 4; lastKnownFileType = sourcecode.swift; name = TiledWallSpriteComponent.swift; path = DashingPenguin/Components/TiledWallSpriteComponent.swift; sourceTree = "<group>"; };
		247607571DDAD56F00237A53 /* ObstacleWall.swift */ = {isa = PBXFileReference; fileEncoding = 4; lastKnownFileType = sourcecode.swift; name = ObstacleWall.swift; path = DashingPenguin/Entities/ObstacleWall.swift; sourceTree = "<group>"; };
		24775DC91DA1D8E600ED743C /* ZoneChallengeLongJump.swift */ = {isa = PBXFileReference; fileEncoding = 4; lastKnownFileType = sourcecode.swift; name = ZoneChallengeLongJump.swift; path = DashingPenguin/Zone/ZoneChallengeLongJump.swift; sourceTree = "<group>"; };
		24775DCB1DA1DA5800ED743C /* PlatformBlockEnergyMatter.swift */ = {isa = PBXFileReference; fileEncoding = 4; lastKnownFileType = sourcecode.swift; name = PlatformBlockEnergyMatter.swift; path = DashingPenguin/Platform/PlatformBlockEnergyMatter.swift; sourceTree = "<group>"; };
		247DA9121D3316CA004C4A14 /* PlatformBlock.swift */ = {isa = PBXFileReference; fileEncoding = 4; lastKnownFileType = sourcecode.swift; name = PlatformBlock.swift; path = DashingPenguin/Platform/PlatformBlock.swift; sourceTree = "<group>"; };
		247DA9141D331F5C004C4A14 /* Platform.swift */ = {isa = PBXFileReference; fileEncoding = 4; lastKnownFileType = sourcecode.swift; name = Platform.swift; path = DashingPenguin/Entities/Platform.swift; sourceTree = "<group>"; };
		248C794C1D3C22B3003F8A0E /* PlatformBlockDoubleDash.swift */ = {isa = PBXFileReference; fileEncoding = 4; lastKnownFileType = sourcecode.swift; name = PlatformBlockDoubleDash.swift; path = DashingPenguin/Platform/PlatformBlockDoubleDash.swift; sourceTree = "<group>"; };
		248C794E1D3C26A7003F8A0E /* PlatformBlockObstacleDoubleDash.swift */ = {isa = PBXFileReference; fileEncoding = 4; lastKnownFileType = sourcecode.swift; name = PlatformBlockObstacleDoubleDash.swift; path = DashingPenguin/Platform/PlatformBlockObstacleDoubleDash.swift; sourceTree = "<group>"; };
		248C79501D3C2C2D003F8A0E /* Obstacle.swift */ = {isa = PBXFileReference; fileEncoding = 4; lastKnownFileType = sourcecode.swift; name = Obstacle.swift; path = DashingPenguin/Entities/Obstacle.swift; sourceTree = "<group>"; };
		24AD9A431D38A1D7003EB602 /* PlatformBlockSingleDash.swift */ = {isa = PBXFileReference; fileEncoding = 4; lastKnownFileType = sourcecode.swift; name = PlatformBlockSingleDash.swift; path = DashingPenguin/Platform/PlatformBlockSingleDash.swift; sourceTree = "<group>"; };
		24AD9A451D38B009003EB602 /* PlatformBlockFirst.swift */ = {isa = PBXFileReference; fileEncoding = 4; lastKnownFileType = sourcecode.swift; name = PlatformBlockFirst.swift; path = DashingPenguin/Platform/PlatformBlockFirst.swift; sourceTree = "<group>"; };
		24B35BC21D7E6F66007AAF2F /* PlatformBlockObstacleWall.swift */ = {isa = PBXFileReference; fileEncoding = 4; lastKnownFileType = sourcecode.swift; name = PlatformBlockObstacleWall.swift; path = DashingPenguin/Platform/PlatformBlockObstacleWall.swift; sourceTree = "<group>"; };
		24B8E6E81E7F400200315B62 /* bump.wav */ = {isa = PBXFileReference; lastKnownFileType = audio.wav; path = bump.wav; sourceTree = "<group>"; };
		24C222D91E2B0182008BF20E /* BackgroundManager.swift */ = {isa = PBXFileReference; fileEncoding = 4; lastKnownFileType = sourcecode.swift; path = BackgroundManager.swift; sourceTree = "<group>"; };
		24C458D51D9853D600A9F109 /* GameSceneStateCinematicPause.swift */ = {isa = PBXFileReference; fileEncoding = 4; lastKnownFileType = sourcecode.swift; name = GameSceneStateCinematicPause.swift; path = DashingPenguin/Scenes/GameSceneStateCinematicPause.swift; sourceTree = "<group>"; };
		24C764C71E6403A100331C6C /* beep-low.wav */ = {isa = PBXFileReference; lastKnownFileType = audio.wav; path = "beep-low.wav"; sourceTree = "<group>"; };
		24C764C81E6403A100331C6C /* beep-high.wav */ = {isa = PBXFileReference; lastKnownFileType = audio.wav; path = "beep-high.wav"; sourceTree = "<group>"; };
		24C764CB1E6406EB00331C6C /* phase-death.wav */ = {isa = PBXFileReference; lastKnownFileType = audio.wav; path = "phase-death.wav"; sourceTree = "<group>"; };
		24CB458B1DF4DA0400CBF82B /* laser.atlas */ = {isa = PBXFileReference; lastKnownFileType = folder.skatlas; path = laser.atlas; sourceTree = "<group>"; };
		24CB458C1DF4DA0400CBF82B /* obstacle.atlas */ = {isa = PBXFileReference; lastKnownFileType = folder.skatlas; path = obstacle.atlas; sourceTree = "<group>"; };
		24CB458D1DF4DA0400CBF82B /* obstaclewall.atlas */ = {isa = PBXFileReference; lastKnownFileType = folder.skatlas; path = obstaclewall.atlas; sourceTree = "<group>"; };
		24CB45911DF4ED9C00CBF82B /* ObstacleSideWall.swift */ = {isa = PBXFileReference; fileEncoding = 4; lastKnownFileType = sourcecode.swift; name = ObstacleSideWall.swift; path = DashingPenguin/Entities/ObstacleSideWall.swift; sourceTree = "<group>"; };
		24CEA55C1D32CCC300C338E9 /* PlatformBlocksManager.swift */ = {isa = PBXFileReference; fileEncoding = 4; lastKnownFileType = sourcecode.swift; name = PlatformBlocksManager.swift; path = DashingPenguin/Platform/PlatformBlocksManager.swift; sourceTree = "<group>"; };
		24CFA6831E399B4100EB08A5 /* HudManager.swift */ = {isa = PBXFileReference; fileEncoding = 4; lastKnownFileType = sourcecode.swift; path = HudManager.swift; sourceTree = "<group>"; };
		24CFA6851E399FD400EB08A5 /* ScoreManager.swift */ = {isa = PBXFileReference; fileEncoding = 4; lastKnownFileType = sourcecode.swift; path = ScoreManager.swift; sourceTree = "<group>"; };
		24D8A6E41E2C1AA00041268E /* background.atlas */ = {isa = PBXFileReference; lastKnownFileType = folder.skatlas; path = background.atlas; sourceTree = "<group>"; };
		24DB0FC21E3EB8380087CDB3 /* CreepDeathManager.swift */ = {isa = PBXFileReference; fileEncoding = 4; lastKnownFileType = sourcecode.swift; path = CreepDeathManager.swift; sourceTree = "<group>"; };
		24DE7A531E55718B0091ACDC /* energy-burst.wav */ = {isa = PBXFileReference; lastKnownFileType = audio.wav; path = "energy-burst.wav"; sourceTree = "<group>"; };
		24DF28E31D7FD13E00053D2A /* PlatformBlockMoving.swift */ = {isa = PBXFileReference; fileEncoding = 4; lastKnownFileType = sourcecode.swift; name = PlatformBlockMoving.swift; path = DashingPenguin/Platform/PlatformBlockMoving.swift; sourceTree = "<group>"; };
		24E2F2831E761092002CBBF2 /* creeping-death-drone.wav */ = {isa = PBXFileReference; lastKnownFileType = audio.wav; path = "creeping-death-drone.wav"; sourceTree = "<group>"; };
		24E9C23B1DC6AFA700F0DB61 /* energymatter.atlas */ = {isa = PBXFileReference; lastKnownFileType = folder.skatlas; path = energymatter.atlas; sourceTree = "<group>"; };
		24ED958E1E6C8C0100E82AD9 /* shell-move.wav */ = {isa = PBXFileReference; lastKnownFileType = audio.wav; path = "shell-move.wav"; sourceTree = "<group>"; };
		24ED95901E6C970D00E82AD9 /* music.mp3 */ = {isa = PBXFileReference; lastKnownFileType = audio.mp3; path = music.mp3; sourceTree = "<group>"; };
		24ED95921E6C9A4200E82AD9 /* chirp.wav */ = {isa = PBXFileReference; lastKnownFileType = audio.wav; path = chirp.wav; sourceTree = "<group>"; };
		24ED95941E6C9B6700E82AD9 /* energy-up.wav */ = {isa = PBXFileReference; lastKnownFileType = audio.wav; path = "energy-up.wav"; sourceTree = "<group>"; };
		24ED95961E6C9BC900E82AD9 /* menu-beeping.wav */ = {isa = PBXFileReference; lastKnownFileType = audio.wav; path = "menu-beeping.wav"; sourceTree = "<group>"; };
		7F01D59E1D2A163B000A51D8 /* DashingPenguin.app */ = {isa = PBXFileReference; explicitFileType = wrapper.application; includeInIndex = 0; path = DashingPenguin.app; sourceTree = BUILT_PRODUCTS_DIR; };
		7F01D5A11D2A163B000A51D8 /* AppDelegate.swift */ = {isa = PBXFileReference; lastKnownFileType = sourcecode.swift; name = AppDelegate.swift; path = "DashingPenguin/DashingPenguin (iOS)/AppDelegate.swift"; sourceTree = SOURCE_ROOT; };
		7F01D5A91D2A163B000A51D8 /* GameViewController.swift */ = {isa = PBXFileReference; lastKnownFileType = sourcecode.swift; name = GameViewController.swift; path = "DashingPenguin/DashingPenguin (iOS)/GameViewController.swift"; sourceTree = SOURCE_ROOT; };
		7F01D5B31D2A163B000A51D8 /* Info.plist */ = {isa = PBXFileReference; lastKnownFileType = text.plist.xml; name = Info.plist; path = "DashingPenguin/DashingPenguin (iOS)/Info.plist"; sourceTree = SOURCE_ROOT; };
		7F01D5B91D2A165B000A51D8 /* README.md */ = {isa = PBXFileReference; fileEncoding = 4; lastKnownFileType = net.daringfireball.markdown; path = README.md; sourceTree = "<group>"; };
		7F027DB71D8606F900C91CCD /* GameSceneStateSetup.swift */ = {isa = PBXFileReference; fileEncoding = 4; lastKnownFileType = sourcecode.swift; name = GameSceneStateSetup.swift; path = DashingPenguin/Scenes/GameSceneStateSetup.swift; sourceTree = "<group>"; };
		7F027DBA1D8607DE00C91CCD /* GameSceneStatePlaying.swift */ = {isa = PBXFileReference; fileEncoding = 4; lastKnownFileType = sourcecode.swift; name = GameSceneStatePlaying.swift; path = DashingPenguin/Scenes/GameSceneStatePlaying.swift; sourceTree = "<group>"; };
		7F027DBC1D8607EE00C91CCD /* GameSceneStatePause.swift */ = {isa = PBXFileReference; fileEncoding = 4; lastKnownFileType = sourcecode.swift; name = GameSceneStatePause.swift; path = DashingPenguin/Scenes/GameSceneStatePause.swift; sourceTree = "<group>"; };
		7F027DBE1D8607F900C91CCD /* GameSceneStateGameover.swift */ = {isa = PBXFileReference; fileEncoding = 4; lastKnownFileType = sourcecode.swift; name = GameSceneStateGameover.swift; path = DashingPenguin/Scenes/GameSceneStateGameover.swift; sourceTree = "<group>"; };
		7F098E661D8382E2009B1A4A /* MenuScene.swift */ = {isa = PBXFileReference; fileEncoding = 4; lastKnownFileType = sourcecode.swift; name = MenuScene.swift; path = DashingPenguin/Scenes/MenuScene.swift; sourceTree = "<group>"; };
		7F0D44591D8E237A0065A1C3 /* SKButton.swift */ = {isa = PBXFileReference; fileEncoding = 4; lastKnownFileType = sourcecode.swift; name = SKButton.swift; path = DashingPenguin/Node/SKButton.swift; sourceTree = "<group>"; };
		7F0D445B1D8E32970065A1C3 /* GameScene+SKButtonDelegate.swift */ = {isa = PBXFileReference; fileEncoding = 4; lastKnownFileType = sourcecode.swift; name = "GameScene+SKButtonDelegate.swift"; path = "DashingPenguin/Scenes/GameScene+SKButtonDelegate.swift"; sourceTree = "<group>"; };
		7F23A5B31D2C802F008CDA5C /* MovementComponent.swift */ = {isa = PBXFileReference; fileEncoding = 4; lastKnownFileType = sourcecode.swift; name = MovementComponent.swift; path = DashingPenguin/Components/MovementComponent.swift; sourceTree = "<group>"; };
		7F23A5B41D2C802F008CDA5C /* DashEndingState.swift */ = {isa = PBXFileReference; fileEncoding = 4; lastKnownFileType = sourcecode.swift; name = DashEndingState.swift; path = DashingPenguin/Components/DashEndingState.swift; sourceTree = "<group>"; };
		7F23A5B51D2C802F008CDA5C /* DashingState.swift */ = {isa = PBXFileReference; fileEncoding = 4; lastKnownFileType = sourcecode.swift; name = DashingState.swift; path = DashingPenguin/Components/DashingState.swift; sourceTree = "<group>"; };
		7F23A5B61D2C802F008CDA5C /* DeathState.swift */ = {isa = PBXFileReference; fileEncoding = 4; lastKnownFileType = sourcecode.swift; name = DeathState.swift; path = DashingPenguin/Components/DeathState.swift; sourceTree = "<group>"; };
		7F23A5B71D2C802F008CDA5C /* LandedState.swift */ = {isa = PBXFileReference; fileEncoding = 4; lastKnownFileType = sourcecode.swift; name = LandedState.swift; path = DashingPenguin/Components/LandedState.swift; sourceTree = "<group>"; };
		7F23A5B81D2C802F008CDA5C /* SpriteComponent.swift */ = {isa = PBXFileReference; fileEncoding = 4; lastKnownFileType = sourcecode.swift; name = SpriteComponent.swift; path = DashingPenguin/Components/SpriteComponent.swift; sourceTree = "<group>"; };
		7F23A5BF1D2C803E008CDA5C /* Player.swift */ = {isa = PBXFileReference; fileEncoding = 4; lastKnownFileType = sourcecode.swift; name = Player.swift; path = DashingPenguin/Entities/Player.swift; sourceTree = "<group>"; };
		7F23A5C11D2C804C008CDA5C /* GameScene.swift */ = {isa = PBXFileReference; fileEncoding = 4; lastKnownFileType = sourcecode.swift; name = GameScene.swift; path = DashingPenguin/Scenes/GameScene.swift; sourceTree = "<group>"; };
		7F23A5C51D2C8064008CDA5C /* Assets.xcassets */ = {isa = PBXFileReference; lastKnownFileType = folder.assetcatalog; name = Assets.xcassets; path = DashingPenguin/Assets/Assets.xcassets; sourceTree = "<group>"; };
		7F23A5C71D2C8064008CDA5C /* PlayerData.plist */ = {isa = PBXFileReference; fileEncoding = 4; lastKnownFileType = text.plist.xml; name = PlayerData.plist; path = DashingPenguin/Assets/PlayerData.plist; sourceTree = "<group>"; };
		7F23A5CE1D2C8081008CDA5C /* Base */ = {isa = PBXFileReference; lastKnownFileType = file.storyboard; name = Base; path = "DashingPenguin (iOS)/Base.lproj/LaunchScreen.storyboard"; sourceTree = "<group>"; };
		7F23A5D01D2C8081008CDA5C /* Base */ = {isa = PBXFileReference; lastKnownFileType = file.storyboard; name = Base; path = "DashingPenguin (iOS)/Base.lproj/Main.storyboard"; sourceTree = "<group>"; };
		7F24DF4A1D91FF9E00796DB0 /* AudioManager.swift */ = {isa = PBXFileReference; fileEncoding = 4; lastKnownFileType = sourcecode.swift; name = AudioManager.swift; path = DashingPenguin/Audio/AudioManager.swift; sourceTree = "<group>"; };
		7F24DF501D92019600796DB0 /* charge.wav */ = {isa = PBXFileReference; lastKnownFileType = audio.wav; path = charge.wav; sourceTree = "<group>"; };
		7F24DF521D92136800796DB0 /* SKToggle.swift */ = {isa = PBXFileReference; fileEncoding = 4; lastKnownFileType = sourcecode.swift; name = SKToggle.swift; path = DashingPenguin/Node/SKToggle.swift; sourceTree = "<group>"; };
		7F31E7161E9F1BE2006DF132 /* ConfigurationManager.swift */ = {isa = PBXFileReference; fileEncoding = 4; lastKnownFileType = sourcecode.swift; path = ConfigurationManager.swift; sourceTree = "<group>"; };
		7F3B464B1E76059100ECFD07 /* SKScoreLabel.swift */ = {isa = PBXFileReference; fileEncoding = 4; lastKnownFileType = sourcecode.swift; name = SKScoreLabel.swift; path = DashingPenguin/Node/SKScoreLabel.swift; sourceTree = "<group>"; };
		7F3C34DE1D2CB8C1008DA5B3 /* TouchControlInputNode.swift */ = {isa = PBXFileReference; fileEncoding = 4; lastKnownFileType = sourcecode.swift; name = TouchControlInputNode.swift; path = DashingPenguin/Controls/TouchControlInputNode.swift; sourceTree = "<group>"; };
		7F3C34E01D2CC413008DA5B3 /* GameplayConfiguration.swift */ = {isa = PBXFileReference; fileEncoding = 4; lastKnownFileType = sourcecode.swift; name = GameplayConfiguration.swift; path = DashingPenguin/Assets/GameplayConfiguration.swift; sourceTree = "<group>"; };
		7F3D324E1D454D5E0063BC07 /* GameScene+Physics.swift */ = {isa = PBXFileReference; fileEncoding = 4; lastKnownFileType = sourcecode.swift; name = "GameScene+Physics.swift"; path = "DashingPenguin/Scenes/GameScene+Physics.swift"; sourceTree = "<group>"; };
		7F4B330E1D738D600000D467 /* Laser.swift */ = {isa = PBXFileReference; fileEncoding = 4; lastKnownFileType = sourcecode.swift; name = Laser.swift; path = DashingPenguin/Entities/Laser.swift; sourceTree = "<group>"; };
		7F4B33101D738F9C0000D467 /* PlatformBlockObstacleLaser.swift */ = {isa = PBXFileReference; fileEncoding = 4; lastKnownFileType = sourcecode.swift; name = PlatformBlockObstacleLaser.swift; path = DashingPenguin/Platform/PlatformBlockObstacleLaser.swift; sourceTree = "<group>"; };
		7F5A3D2E1D650D42006F7BBE /* SlidingComponent.swift */ = {isa = PBXFileReference; fileEncoding = 4; lastKnownFileType = sourcecode.swift; name = SlidingComponent.swift; path = DashingPenguin/Components/SlidingComponent.swift; sourceTree = "<group>"; };
		7F7841161E7FB13C00D7C977 /* SKSpriteNode+Dot.swift */ = {isa = PBXFileReference; fileEncoding = 4; lastKnownFileType = sourcecode.swift; name = "SKSpriteNode+Dot.swift"; path = "DashingPenguin/Node/SKSpriteNode+Dot.swift"; sourceTree = "<group>"; };
		7FCAE7B31D8B72D600A02B79 /* SKNode+Unarchiver.swift */ = {isa = PBXFileReference; fileEncoding = 4; lastKnownFileType = sourcecode.swift; name = "SKNode+Unarchiver.swift"; path = "DashingPenguin/Node/SKNode+Unarchiver.swift"; sourceTree = "<group>"; };
		7FCAE7B51D8BA63E00A02B79 /* Overlay.sks */ = {isa = PBXFileReference; lastKnownFileType = file.sks; name = Overlay.sks; path = DashingPenguin/Assets/Overlay.sks; sourceTree = "<group>"; };
		7FE5271D1D3C272300FF9D25 /* PhysicsComponent.swift */ = {isa = PBXFileReference; fileEncoding = 4; lastKnownFileType = sourcecode.swift; name = PhysicsComponent.swift; path = DashingPenguin/Components/PhysicsComponent.swift; sourceTree = "<group>"; };
/* End PBXFileReference section */

/* Begin PBXFrameworksBuildPhase section */
		7F01D59B1D2A163B000A51D8 /* Frameworks */ = {
			isa = PBXFrameworksBuildPhase;
			buildActionMask = 2147483647;
			files = (
			);
			runOnlyForDeploymentPostprocessing = 0;
		};
/* End PBXFrameworksBuildPhase section */

/* Begin PBXGroup section */
		2401654B1D4AF28D006E31DC /* Zone */ = {
			isa = PBXGroup;
			children = (
				2401654E1D4AF2F9006E31DC /* ZoneManager.swift */,
				240165501D4AF409006E31DC /* Zone.swift */,
				240165521D4AFA2E006E31DC /* ZoneNormal.swift */,
				240165541D4AFABC006E31DC /* ZoneChallengeMagnet.swift */,
				243DF2111D9E31A2002EB049 /* ZoneChallengeVisibility.swift */,
				24775DC91DA1D8E600ED743C /* ZoneChallengeLongJump.swift */,
			);
			name = Zone;
			sourceTree = "<group>";
		};
		247DA90F1D331659004C4A14 /* Platform */ = {
			isa = PBXGroup;
			children = (
				24CEA55C1D32CCC300C338E9 /* PlatformBlocksManager.swift */,
				247DA9121D3316CA004C4A14 /* PlatformBlock.swift */,
				24AD9A451D38B009003EB602 /* PlatformBlockFirst.swift */,
				24DF28E31D7FD13E00053D2A /* PlatformBlockMoving.swift */,
				24AD9A431D38A1D7003EB602 /* PlatformBlockSingleDash.swift */,
				248C794C1D3C22B3003F8A0E /* PlatformBlockDoubleDash.swift */,
				248C794E1D3C26A7003F8A0E /* PlatformBlockObstacleDoubleDash.swift */,
				7F4B33101D738F9C0000D467 /* PlatformBlockObstacleLaser.swift */,
				24B35BC21D7E6F66007AAF2F /* PlatformBlockObstacleWall.swift */,
				24775DCB1DA1DA5800ED743C /* PlatformBlockEnergyMatter.swift */,
			);
			name = Platform;
			sourceTree = "<group>";
		};
		24C222D81E2B0145008BF20E /* Other Managers */ = {
			isa = PBXGroup;
			children = (
				24C222D91E2B0182008BF20E /* BackgroundManager.swift */,
				24CFA6831E399B4100EB08A5 /* HudManager.swift */,
				24CFA6851E399FD400EB08A5 /* ScoreManager.swift */,
				24DB0FC21E3EB8380087CDB3 /* CreepDeathManager.swift */,
				7F31E7161E9F1BE2006DF132 /* ConfigurationManager.swift */,
			);
			name = "Other Managers";
			path = "DashingPenguin/Other Managers";
			sourceTree = "<group>";
		};
		7F01D5951D2A163B000A51D8 = {
			isa = PBXGroup;
			children = (
				7F01D5B91D2A165B000A51D8 /* README.md */,
				7F01D5A01D2A163B000A51D8 /* DashingPenguin */,
				7F01D59F1D2A163B000A51D8 /* Products */,
			);
			sourceTree = "<group>";
		};
		7F01D59F1D2A163B000A51D8 /* Products */ = {
			isa = PBXGroup;
			children = (
				7F01D59E1D2A163B000A51D8 /* DashingPenguin.app */,
			);
			name = Products;
			sourceTree = "<group>";
		};
		7F01D5A01D2A163B000A51D8 /* DashingPenguin */ = {
			isa = PBXGroup;
			children = (
				24C222D81E2B0145008BF20E /* Other Managers */,
				7F24DF4C1D91FFA200796DB0 /* Audio */,
				7FCAE7B21D8B72BE00A02B79 /* Nodes */,
				7FB4ED4E1D2B267000407A8B /* Scenes */,
				2401654B1D4AF28D006E31DC /* Zone */,
				247DA90F1D331659004C4A14 /* Platform */,
				7FB4ED521D2B26F800407A8B /* Entities */,
				7FB4ED531D2B26FF00407A8B /* Components */,
				7F3C34DD1D2CA65C008DA5B3 /* Player Control */,
				7FB4ED4D1D2B262B00407A8B /* Assets */,
				7F75856C1D2B210500B18307 /* iOS */,
			);
			path = DashingPenguin;
			sourceTree = "<group>";
		};
		7F027DB91D86076200C91CCD /* GameScene States */ = {
			isa = PBXGroup;
			children = (
				7F027DB71D8606F900C91CCD /* GameSceneStateSetup.swift */,
				7F027DBA1D8607DE00C91CCD /* GameSceneStatePlaying.swift */,
				7F027DBE1D8607F900C91CCD /* GameSceneStateGameover.swift */,
				7F027DBC1D8607EE00C91CCD /* GameSceneStatePause.swift */,
				24C458D51D9853D600A9F109 /* GameSceneStateCinematicPause.swift */,
			);
			name = "GameScene States";
			sourceTree = "<group>";
		};
		7F044F3B1D2C85BB00DDE789 /* MovementComponent States (Player) */ = {
			isa = PBXGroup;
			children = (
				7F23A5B71D2C802F008CDA5C /* LandedState.swift */,
				7F23A5B51D2C802F008CDA5C /* DashingState.swift */,
				7F23A5B41D2C802F008CDA5C /* DashEndingState.swift */,
				7F23A5B61D2C802F008CDA5C /* DeathState.swift */,
			);
			name = "MovementComponent States (Player)";
			sourceTree = "<group>";
		};
		7F24DF4C1D91FFA200796DB0 /* Audio */ = {
			isa = PBXGroup;
			children = (
				7F24DF4A1D91FF9E00796DB0 /* AudioManager.swift */,
			);
			name = Audio;
			sourceTree = "<group>";
		};
		7F24DF4D1D92010900796DB0 /* Audio */ = {
			isa = PBXGroup;
			children = (
				24DE7A531E55718B0091ACDC /* energy-burst.wav */,
				24C764C71E6403A100331C6C /* beep-low.wav */,
				24C764CB1E6406EB00331C6C /* phase-death.wav */,
				24ED95901E6C970D00E82AD9 /* music.mp3 */,
				24ED95921E6C9A4200E82AD9 /* chirp.wav */,
				24ED95961E6C9BC900E82AD9 /* menu-beeping.wav */,
				24ED958E1E6C8C0100E82AD9 /* shell-move.wav */,
				24ED95941E6C9B6700E82AD9 /* energy-up.wav */,
				24B8E6E81E7F400200315B62 /* bump.wav */,
				24E2F2831E761092002CBBF2 /* creeping-death-drone.wav */,
				24C764C81E6403A100331C6C /* beep-high.wav */,
				242850631E75C6D40090B84F /* laser-charge.wav */,
				7F24DF501D92019600796DB0 /* charge.wav */,
			);
			name = Audio;
			sourceTree = "<group>";
		};
		7F3C34DD1D2CA65C008DA5B3 /* Player Control */ = {
			isa = PBXGroup;
			children = (
				7F3C34DE1D2CB8C1008DA5B3 /* TouchControlInputNode.swift */,
			);
			name = "Player Control";
			sourceTree = "<group>";
		};
		7F75856C1D2B210500B18307 /* iOS */ = {
			isa = PBXGroup;
			children = (
				7F01D5A11D2A163B000A51D8 /* AppDelegate.swift */,
				7F01D5A91D2A163B000A51D8 /* GameViewController.swift */,
				7F23A5CD1D2C8081008CDA5C /* LaunchScreen.storyboard */,
				7F23A5CF1D2C8081008CDA5C /* Main.storyboard */,
				7FB4ED4C1D2B260A00407A8B /* Supporting Files */,
			);
			name = iOS;
			sourceTree = "<group>";
		};
		7FB4ED4C1D2B260A00407A8B /* Supporting Files */ = {
			isa = PBXGroup;
			children = (
				7F01D5B31D2A163B000A51D8 /* Info.plist */,
			);
			name = "Supporting Files";
			path = "DashingPenguin/DashingPenguin (iOS)";
			sourceTree = SOURCE_ROOT;
		};
		7FB4ED4D1D2B262B00407A8B /* Assets */ = {
			isa = PBXGroup;
			children = (
				2421DC541E358AE900748DA7 /* number-font.atlas */,
				2421DC521E35798B00748DA7 /* score-hud.atlas */,
				24D8A6E41E2C1AA00041268E /* background.atlas */,
				244583B31E2AB2F200867EC1 /* hazard-warning.atlas */,
				24CB458B1DF4DA0400CBF82B /* laser.atlas */,
				24CB458C1DF4DA0400CBF82B /* obstacle.atlas */,
				24CB458D1DF4DA0400CBF82B /* obstaclewall.atlas */,
				2425B70D1DBD73DD005168A7 /* player.atlas */,
				24E9C23B1DC6AFA700F0DB61 /* energymatter.atlas */,
				7F23A5C51D2C8064008CDA5C /* Assets.xcassets */,
				7F24DF4D1D92010900796DB0 /* Audio */,
				7F23A5C71D2C8064008CDA5C /* PlayerData.plist */,
				7F3C34E01D2CC413008DA5B3 /* GameplayConfiguration.swift */,
				7FCAE7B51D8BA63E00A02B79 /* Overlay.sks */,
			);
			name = Assets;
			sourceTree = "<group>";
		};
		7FB4ED4E1D2B267000407A8B /* Scenes */ = {
			isa = PBXGroup;
			children = (
				7F098E661D8382E2009B1A4A /* MenuScene.swift */,
				7F23A5C11D2C804C008CDA5C /* GameScene.swift */,
				7F3D324E1D454D5E0063BC07 /* GameScene+Physics.swift */,
				7F0D445B1D8E32970065A1C3 /* GameScene+SKButtonDelegate.swift */,
				7F027DB91D86076200C91CCD /* GameScene States */,
			);
			name = Scenes;
			sourceTree = "<group>";
		};
		7FB4ED521D2B26F800407A8B /* Entities */ = {
			isa = PBXGroup;
			children = (
				7F23A5BF1D2C803E008CDA5C /* Player.swift */,
				247DA9141D331F5C004C4A14 /* Platform.swift */,
				248C79501D3C2C2D003F8A0E /* Obstacle.swift */,
				24CB45911DF4ED9C00CBF82B /* ObstacleSideWall.swift */,
				247607571DDAD56F00237A53 /* ObstacleWall.swift */,
				242DA8281DA0C90400272FB5 /* EnergyMatter.swift */,
				7F4B330E1D738D600000D467 /* Laser.swift */,
			);
			name = Entities;
			sourceTree = "<group>";
		};
		7FB4ED531D2B26FF00407A8B /* Components */ = {
			isa = PBXGroup;
			children = (
				7F23A5B81D2C802F008CDA5C /* SpriteComponent.swift */,
				247607551DDAC83900237A53 /* TiledWallSpriteComponent.swift */,
				7F5A3D2E1D650D42006F7BBE /* SlidingComponent.swift */,
				7F23A5B31D2C802F008CDA5C /* MovementComponent.swift */,
				7F044F3B1D2C85BB00DDE789 /* MovementComponent States (Player) */,
				7FE5271D1D3C272300FF9D25 /* PhysicsComponent.swift */,
			);
			name = Components;
			sourceTree = "<group>";
		};
		7FCAE7B21D8B72BE00A02B79 /* Nodes */ = {
			isa = PBXGroup;
			children = (
				7FCAE7B31D8B72D600A02B79 /* SKNode+Unarchiver.swift */,
				7F0D44591D8E237A0065A1C3 /* SKButton.swift */,
				7F24DF521D92136800796DB0 /* SKToggle.swift */,
				7F3B464B1E76059100ECFD07 /* SKScoreLabel.swift */,
				7F7841161E7FB13C00D7C977 /* SKSpriteNode+Dot.swift */,
			);
			name = Nodes;
			sourceTree = "<group>";
		};
/* End PBXGroup section */

/* Begin PBXNativeTarget section */
		7F01D59D1D2A163B000A51D8 /* DashingPenguin */ = {
			isa = PBXNativeTarget;
			buildConfigurationList = 7F01D5B61D2A163B000A51D8 /* Build configuration list for PBXNativeTarget "DashingPenguin" */;
			buildPhases = (
				7F01D59A1D2A163B000A51D8 /* Sources */,
				7F01D59B1D2A163B000A51D8 /* Frameworks */,
				7F01D59C1D2A163B000A51D8 /* Resources */,
			);
			buildRules = (
			);
			dependencies = (
			);
			name = DashingPenguin;
			productName = DashingPenguin;
			productReference = 7F01D59E1D2A163B000A51D8 /* DashingPenguin.app */;
			productType = "com.apple.product-type.application";
		};
/* End PBXNativeTarget section */

/* Begin PBXProject section */
		7F01D5961D2A163B000A51D8 /* Project object */ = {
			isa = PBXProject;
			attributes = {
				LastSwiftUpdateCheck = 0800;
				LastUpgradeCheck = 0820;
				ORGANIZATIONNAME = "Dashing Duo";
				TargetAttributes = {
					7F01D59D1D2A163B000A51D8 = {
						CreatedOnToolsVersion = 8.0;
						DevelopmentTeam = RLZEP44CD7;
						DevelopmentTeamName = "Matthew Tso (Personal Team)";
						ProvisioningStyle = Automatic;
					};
				};
			};
			buildConfigurationList = 7F01D5991D2A163B000A51D8 /* Build configuration list for PBXProject "DashingPenguin" */;
			compatibilityVersion = "Xcode 3.2";
			developmentRegion = English;
			hasScannedForEncodings = 0;
			knownRegions = (
				en,
				Base,
			);
			mainGroup = 7F01D5951D2A163B000A51D8;
			productRefGroup = 7F01D59F1D2A163B000A51D8 /* Products */;
			projectDirPath = "";
			projectRoot = "";
			targets = (
				7F01D59D1D2A163B000A51D8 /* DashingPenguin */,
			);
		};
/* End PBXProject section */

/* Begin PBXResourcesBuildPhase section */
		7F01D59C1D2A163B000A51D8 /* Resources */ = {
			isa = PBXResourcesBuildPhase;
			buildActionMask = 2147483647;
			files = (
				2421DC551E358AE900748DA7 /* number-font.atlas in Resources */,
				24ED95951E6C9B6700E82AD9 /* energy-up.wav in Resources */,
				7F23A5CB1D2C8064008CDA5C /* PlayerData.plist in Resources */,
				24CB45901DF4DA0400CBF82B /* obstaclewall.atlas in Resources */,
				24D8A6E51E2C1AA00041268E /* background.atlas in Resources */,
				24C764C91E6403A100331C6C /* beep-low.wav in Resources */,
				7F23A5C91D2C8064008CDA5C /* Assets.xcassets in Resources */,
				2421DC531E35798B00748DA7 /* score-hud.atlas in Resources */,
				24B8E6E91E7F400200315B62 /* bump.wav in Resources */,
				7F23A5D21D2C8081008CDA5C /* Main.storyboard in Resources */,
				2425B70E1DBD73DD005168A7 /* player.atlas in Resources */,
				24ED95911E6C970D00E82AD9 /* music.mp3 in Resources */,
				24E9C23C1DC6AFA700F0DB61 /* energymatter.atlas in Resources */,
				242850641E75C6D40090B84F /* laser-charge.wav in Resources */,
				24DE7A541E55718B0091ACDC /* energy-burst.wav in Resources */,
				7F24DF511D92019600796DB0 /* charge.wav in Resources */,
				24ED958F1E6C8C0100E82AD9 /* shell-move.wav in Resources */,
				24C764CC1E6406EB00331C6C /* phase-death.wav in Resources */,
				24ED95971E6C9BC900E82AD9 /* menu-beeping.wav in Resources */,
				7FCAE7B61D8BA63E00A02B79 /* Overlay.sks in Resources */,
				7F23A5D11D2C8081008CDA5C /* LaunchScreen.storyboard in Resources */,
				24E2F2841E761092002CBBF2 /* creeping-death-drone.wav in Resources */,
				24CB458F1DF4DA0400CBF82B /* obstacle.atlas in Resources */,
				244583B41E2AB2F200867EC1 /* hazard-warning.atlas in Resources */,
				24C764CA1E6403A100331C6C /* beep-high.wav in Resources */,
				24CB458E1DF4DA0400CBF82B /* laser.atlas in Resources */,
				24ED95931E6C9A4200E82AD9 /* chirp.wav in Resources */,
			);
			runOnlyForDeploymentPostprocessing = 0;
		};
/* End PBXResourcesBuildPhase section */

/* Begin PBXSourcesBuildPhase section */
		7F01D59A1D2A163B000A51D8 /* Sources */ = {
			isa = PBXSourcesBuildPhase;
			buildActionMask = 2147483647;
			files = (
				24C222DA1E2B0182008BF20E /* BackgroundManager.swift in Sources */,
				24775DCC1DA1DA5800ED743C /* PlatformBlockEnergyMatter.swift in Sources */,
				24DB0FC31E3EB8380087CDB3 /* CreepDeathManager.swift in Sources */,
				247DA9151D331F5C004C4A14 /* Platform.swift in Sources */,
				7F3C34DF1D2CB8C1008DA5B3 /* TouchControlInputNode.swift in Sources */,
				248C79511D3C2C2D003F8A0E /* Obstacle.swift in Sources */,
				242DA8291DA0C90400272FB5 /* EnergyMatter.swift in Sources */,
				7F23A5C31D2C804C008CDA5C /* GameScene.swift in Sources */,
				2401654F1D4AF2F9006E31DC /* ZoneManager.swift in Sources */,
				7F027DBB1D8607DE00C91CCD /* GameSceneStatePlaying.swift in Sources */,
				24DF28E41D7FD13E00053D2A /* PlatformBlockMoving.swift in Sources */,
				7F0D445A1D8E237A0065A1C3 /* SKButton.swift in Sources */,
				7F23A5BC1D2C802F008CDA5C /* DeathState.swift in Sources */,
				7F3C34E11D2CC413008DA5B3 /* GameplayConfiguration.swift in Sources */,
				247DA9131D3316CA004C4A14 /* PlatformBlock.swift in Sources */,
				7F23A5BE1D2C802F008CDA5C /* SpriteComponent.swift in Sources */,
				248C794D1D3C22B3003F8A0E /* PlatformBlockDoubleDash.swift in Sources */,
				240165531D4AFA2E006E31DC /* ZoneNormal.swift in Sources */,
				7FCAE7B41D8B72D600A02B79 /* SKNode+Unarchiver.swift in Sources */,
				24B35BC31D7E6F66007AAF2F /* PlatformBlockObstacleWall.swift in Sources */,
				7F24DF531D92136800796DB0 /* SKToggle.swift in Sources */,
				7F098E671D8382E2009B1A4A /* MenuScene.swift in Sources */,
				24C458D61D9853D600A9F109 /* GameSceneStateCinematicPause.swift in Sources */,
				24CFA6841E399B4100EB08A5 /* HudManager.swift in Sources */,
				7F23A5BD1D2C802F008CDA5C /* LandedState.swift in Sources */,
				7F5A3D2F1D650D42006F7BBE /* SlidingComponent.swift in Sources */,
				7F24DF4B1D91FF9E00796DB0 /* AudioManager.swift in Sources */,
				243DF2121D9E31A2002EB049 /* ZoneChallengeVisibility.swift in Sources */,
				7F3D324F1D454D5E0063BC07 /* GameScene+Physics.swift in Sources */,
				7F027DBD1D8607EE00C91CCD /* GameSceneStatePause.swift in Sources */,
				24CEA55D1D32CCC300C338E9 /* PlatformBlocksManager.swift in Sources */,
				7F23A5C01D2C803E008CDA5C /* Player.swift in Sources */,
				24AD9A441D38A1D7003EB602 /* PlatformBlockSingleDash.swift in Sources */,
				7F3B464C1E76059100ECFD07 /* SKScoreLabel.swift in Sources */,
				7F027DB81D8606F900C91CCD /* GameSceneStateSetup.swift in Sources */,
				24AD9A461D38B009003EB602 /* PlatformBlockFirst.swift in Sources */,
				24CB45921DF4ED9C00CBF82B /* ObstacleSideWall.swift in Sources */,
				7F01D5AA1D2A163B000A51D8 /* GameViewController.swift in Sources */,
				7FE5271E1D3C272300FF9D25 /* PhysicsComponent.swift in Sources */,
				7F027DBF1D8607F900C91CCD /* GameSceneStateGameover.swift in Sources */,
				7F23A5BB1D2C802F008CDA5C /* DashingState.swift in Sources */,
				247607561DDAC83900237A53 /* TiledWallSpriteComponent.swift in Sources */,
				7F7841171E7FB13C00D7C977 /* SKSpriteNode+Dot.swift in Sources */,
				240165511D4AF409006E31DC /* Zone.swift in Sources */,
				24775DCA1DA1D8E600ED743C /* ZoneChallengeLongJump.swift in Sources */,
				7F01D5A21D2A163B000A51D8 /* AppDelegate.swift in Sources */,
				240165551D4AFABC006E31DC /* ZoneChallengeMagnet.swift in Sources */,
				248C794F1D3C26A7003F8A0E /* PlatformBlockObstacleDoubleDash.swift in Sources */,
				7F4B33111D738F9C0000D467 /* PlatformBlockObstacleLaser.swift in Sources */,
				7F23A5B91D2C802F008CDA5C /* MovementComponent.swift in Sources */,
				7F4B330F1D738D600000D467 /* Laser.swift in Sources */,
				7F23A5BA1D2C802F008CDA5C /* DashEndingState.swift in Sources */,
				24CFA6861E399FD400EB08A5 /* ScoreManager.swift in Sources */,
				247607581DDAD56F00237A53 /* ObstacleWall.swift in Sources */,
				7F0D445C1D8E32970065A1C3 /* GameScene+SKButtonDelegate.swift in Sources */,
				7F31E7171E9F1BE2006DF132 /* ConfigurationManager.swift in Sources */,
			);
			runOnlyForDeploymentPostprocessing = 0;
		};
/* End PBXSourcesBuildPhase section */

/* Begin PBXVariantGroup section */
		7F23A5CD1D2C8081008CDA5C /* LaunchScreen.storyboard */ = {
			isa = PBXVariantGroup;
			children = (
				7F23A5CE1D2C8081008CDA5C /* Base */,
			);
			name = LaunchScreen.storyboard;
			sourceTree = "<group>";
		};
		7F23A5CF1D2C8081008CDA5C /* Main.storyboard */ = {
			isa = PBXVariantGroup;
			children = (
				7F23A5D01D2C8081008CDA5C /* Base */,
			);
			name = Main.storyboard;
			sourceTree = "<group>";
		};
/* End PBXVariantGroup section */

/* Begin XCBuildConfiguration section */
		7F01D5B41D2A163B000A51D8 /* Debug */ = {
			isa = XCBuildConfiguration;
			buildSettings = {
				ALWAYS_SEARCH_USER_PATHS = NO;
				CLANG_ANALYZER_NONNULL = YES;
				CLANG_CXX_LANGUAGE_STANDARD = "gnu++0x";
				CLANG_CXX_LIBRARY = "libc++";
				CLANG_ENABLE_MODULES = YES;
				CLANG_ENABLE_OBJC_ARC = YES;
				CLANG_WARN_BOOL_CONVERSION = YES;
				CLANG_WARN_CONSTANT_CONVERSION = YES;
				CLANG_WARN_DIRECT_OBJC_ISA_USAGE = YES_ERROR;
				CLANG_WARN_DOCUMENTATION_COMMENTS = YES;
				CLANG_WARN_EMPTY_BODY = YES;
				CLANG_WARN_ENUM_CONVERSION = YES;
				CLANG_WARN_INFINITE_RECURSION = YES;
				CLANG_WARN_INT_CONVERSION = YES;
				CLANG_WARN_OBJC_ROOT_CLASS = YES_ERROR;
				CLANG_WARN_SUSPICIOUS_MOVE = YES;
				CLANG_WARN_UNREACHABLE_CODE = YES;
				CLANG_WARN__DUPLICATE_METHOD_MATCH = YES;
				"CODE_SIGN_IDENTITY[sdk=iphoneos*]" = "iPhone Developer";
				COPY_PHASE_STRIP = NO;
				DEBUG_INFORMATION_FORMAT = "dwarf-with-dsym";
				ENABLE_STRICT_OBJC_MSGSEND = YES;
				ENABLE_TESTABILITY = YES;
				GCC_C_LANGUAGE_STANDARD = gnu99;
				GCC_DYNAMIC_NO_PIC = NO;
				GCC_NO_COMMON_BLOCKS = YES;
				GCC_OPTIMIZATION_LEVEL = 0;
				GCC_PREPROCESSOR_DEFINITIONS = (
					"DEBUG=1",
					"$(inherited)",
				);
				GCC_WARN_64_TO_32_BIT_CONVERSION = YES;
				GCC_WARN_ABOUT_RETURN_TYPE = YES_ERROR;
				GCC_WARN_UNDECLARED_SELECTOR = YES;
				GCC_WARN_UNINITIALIZED_AUTOS = YES_AGGRESSIVE;
				GCC_WARN_UNUSED_FUNCTION = YES;
				GCC_WARN_UNUSED_VARIABLE = YES;
				IPHONEOS_DEPLOYMENT_TARGET = 10.0;
				MTL_ENABLE_DEBUG_INFO = YES;
				ONLY_ACTIVE_ARCH = YES;
				SDKROOT = iphoneos;
				SWIFT_ACTIVE_COMPILATION_CONDITIONS = DEBUG;
				SWIFT_OPTIMIZATION_LEVEL = "-Onone";
			};
			name = Debug;
		};
		7F01D5B51D2A163B000A51D8 /* Release */ = {
			isa = XCBuildConfiguration;
			buildSettings = {
				ALWAYS_SEARCH_USER_PATHS = NO;
				CLANG_ANALYZER_NONNULL = YES;
				CLANG_CXX_LANGUAGE_STANDARD = "gnu++0x";
				CLANG_CXX_LIBRARY = "libc++";
				CLANG_ENABLE_MODULES = YES;
				CLANG_ENABLE_OBJC_ARC = YES;
				CLANG_WARN_BOOL_CONVERSION = YES;
				CLANG_WARN_CONSTANT_CONVERSION = YES;
				CLANG_WARN_DIRECT_OBJC_ISA_USAGE = YES_ERROR;
				CLANG_WARN_DOCUMENTATION_COMMENTS = YES;
				CLANG_WARN_EMPTY_BODY = YES;
				CLANG_WARN_ENUM_CONVERSION = YES;
				CLANG_WARN_INFINITE_RECURSION = YES;
				CLANG_WARN_INT_CONVERSION = YES;
				CLANG_WARN_OBJC_ROOT_CLASS = YES_ERROR;
				CLANG_WARN_SUSPICIOUS_MOVE = YES;
				CLANG_WARN_UNREACHABLE_CODE = YES;
				CLANG_WARN__DUPLICATE_METHOD_MATCH = YES;
				"CODE_SIGN_IDENTITY[sdk=iphoneos*]" = "iPhone Developer";
				COPY_PHASE_STRIP = NO;
				DEBUG_INFORMATION_FORMAT = "dwarf-with-dsym";
				ENABLE_NS_ASSERTIONS = NO;
				ENABLE_STRICT_OBJC_MSGSEND = YES;
				GCC_C_LANGUAGE_STANDARD = gnu99;
				GCC_NO_COMMON_BLOCKS = YES;
				GCC_WARN_64_TO_32_BIT_CONVERSION = YES;
				GCC_WARN_ABOUT_RETURN_TYPE = YES_ERROR;
				GCC_WARN_UNDECLARED_SELECTOR = YES;
				GCC_WARN_UNINITIALIZED_AUTOS = YES_AGGRESSIVE;
				GCC_WARN_UNUSED_FUNCTION = YES;
				GCC_WARN_UNUSED_VARIABLE = YES;
				IPHONEOS_DEPLOYMENT_TARGET = 10.0;
				MTL_ENABLE_DEBUG_INFO = NO;
				SDKROOT = iphoneos;
				SWIFT_OPTIMIZATION_LEVEL = "-Owholemodule";
				VALIDATE_PRODUCT = YES;
			};
			name = Release;
		};
		7F01D5B71D2A163B000A51D8 /* Debug */ = {
			isa = XCBuildConfiguration;
			buildSettings = {
				ASSETCATALOG_COMPILER_APPICON_NAME = AppIcon;
				"CODE_SIGN_IDENTITY[sdk=iphoneos*]" = "iPhone Developer";
				DEVELOPMENT_TEAM = RLZEP44CD7;
				ENABLE_NS_ASSERTIONS = NO;
				INFOPLIST_FILE = "$(SRCROOT)/DashingPenguin/DashingPenguin (iOS)/Info.plist";
				IPHONEOS_DEPLOYMENT_TARGET = 10.2;
				LD_RUNPATH_SEARCH_PATHS = "$(inherited) @executable_path/Frameworks";
				MTL_ENABLE_DEBUG_INFO = YES;
				PRODUCT_BUNDLE_IDENTIFIER = com.dd.DashingPenguin;
				PRODUCT_NAME = "$(TARGET_NAME)";
				SWIFT_VERSION = 3.0;
				TARGETED_DEVICE_FAMILY = "1,2";
			};
			name = Debug;
		};
		7F01D5B81D2A163B000A51D8 /* Release */ = {
			isa = XCBuildConfiguration;
			buildSettings = {
				ASSETCATALOG_COMPILER_APPICON_NAME = AppIcon;
				"CODE_SIGN_IDENTITY[sdk=iphoneos*]" = "iPhone Developer";
				DEVELOPMENT_TEAM = RLZEP44CD7;
				INFOPLIST_FILE = "$(SRCROOT)/DashingPenguin/DashingPenguin (iOS)/Info.plist";
				IPHONEOS_DEPLOYMENT_TARGET = 10.2;
				LD_RUNPATH_SEARCH_PATHS = "$(inherited) @executable_path/Frameworks";
				PRODUCT_BUNDLE_IDENTIFIER = com.dd.DashingPenguin;
				PRODUCT_NAME = "$(TARGET_NAME)";
				SWIFT_VERSION = 3.0;
				TARGETED_DEVICE_FAMILY = "1,2";
			};
			name = Release;
		};
/* End XCBuildConfiguration section */

/* Begin XCConfigurationList section */
		7F01D5991D2A163B000A51D8 /* Build configuration list for PBXProject "DashingPenguin" */ = {
			isa = XCConfigurationList;
			buildConfigurations = (
				7F01D5B41D2A163B000A51D8 /* Debug */,
				7F01D5B51D2A163B000A51D8 /* Release */,
			);
			defaultConfigurationIsVisible = 0;
			defaultConfigurationName = Release;
		};
		7F01D5B61D2A163B000A51D8 /* Build configuration list for PBXNativeTarget "DashingPenguin" */ = {
			isa = XCConfigurationList;
			buildConfigurations = (
				7F01D5B71D2A163B000A51D8 /* Debug */,
				7F01D5B81D2A163B000A51D8 /* Release */,
			);
			defaultConfigurationIsVisible = 0;
			defaultConfigurationName = Release;
		};
/* End XCConfigurationList section */
	};
	rootObject = 7F01D5961D2A163B000A51D8 /* Project object */;
}
